
Microsoft Visual Studio Solution File, Format Version 12.00
# Visual Studio Version 17
VisualStudioVersion = 17.6.33815.320
MinimumVisualStudioVersion = 10.0.40219.1
Project("{FAE04EC0-301F-11D3-BF4B-00C04F79EFBC}") = "Wpf_Kalkulator", "Wpf_Kalkulator.csproj", "{FE2A047D-C47F-4B6E-B5DF-F8BA6C7F0696}"
EndProject
Global
	GlobalSection(SolutionConfigurationPlatforms) = preSolution
		Debug|Any CPU = Debug|Any CPU
		Release|Any CPU = Release|Any CPU
	EndGlobalSection
	GlobalSection(ProjectConfigurationPlatforms) = postSolution
		{FE2A047D-C47F-4B6E-B5DF-F8BA6C7F0696}.Debug|Any CPU.ActiveCfg = Debug|Any CPU
		{FE2A047D-C47F-4B6E-B5DF-F8BA6C7F0696}.Debug|Any CPU.Build.0 = Debug|Any CPU
		{FE2A047D-C47F-4B6E-B5DF-F8BA6C7F0696}.Release|Any CPU.ActiveCfg = Release|Any CPU
		{FE2A047D-C47F-4B6E-B5DF-F8BA6C7F0696}.Release|Any CPU.Build.0 = Release|Any CPU
	EndGlobalSection
	GlobalSection(SolutionProperties) = preSolution
		HideSolutionNode = FALSE
	EndGlobalSection
	GlobalSection(ExtensibilityGlobals) = postSolution
		SolutionGuid = {38F4D7C1-539E-4F01-B5AA-08A2C23F31B2}
	EndGlobalSection
EndGlobal
